
Microsoft Visual Studio Solution File, Format Version 12.00
# Visual Studio Version 17
VisualStudioVersion = 17.11.35327.3
MinimumVisualStudioVersion = 10.0.40219.1
Project("{9A19103F-16F7-4668-BE54-9A1E7A4F7556}") = "MovieTheater.Web", "MovieTheater.Web\MovieTheater.Web.csproj", "{15FFF6A9-D14D-4D5D-946A-D1070E8BC703}"
EndProject
Project("{FAE04EC0-301F-11D3-BF4B-00C04F79EFBC}") = "MovieTheater.Application", "MovieTheater.Application\MovieTheater.Application.csproj", "{6D75041C-6086-4EEB-8A06-A5CDB5045AB8}"
EndProject
Project("{FAE04EC0-301F-11D3-BF4B-00C04F79EFBC}") = "MovieTheater.Infrastructure", "MovieTheater.Infrastructure\MovieTheater.Infrastructure.csproj", "{C27C71DA-D02B-45A3-B428-C0E83B78B5CA}"
EndProject
Global
	GlobalSection(SolutionConfigurationPlatforms) = preSolution
		Debug|Any CPU = Debug|Any CPU
		Release|Any CPU = Release|Any CPU
	EndGlobalSection
	GlobalSection(ProjectConfigurationPlatforms) = postSolution
		{15FFF6A9-D14D-4D5D-946A-D1070E8BC703}.Debug|Any CPU.ActiveCfg = Debug|Any CPU
		{15FFF6A9-D14D-4D5D-946A-D1070E8BC703}.Debug|Any CPU.Build.0 = Debug|Any CPU
		{15FFF6A9-D14D-4D5D-946A-D1070E8BC703}.Release|Any CPU.ActiveCfg = Release|Any CPU
		{15FFF6A9-D14D-4D5D-946A-D1070E8BC703}.Release|Any CPU.Build.0 = Release|Any CPU
		{6D75041C-6086-4EEB-8A06-A5CDB5045AB8}.Debug|Any CPU.ActiveCfg = Debug|Any CPU
		{6D75041C-6086-4EEB-8A06-A5CDB5045AB8}.Debug|Any CPU.Build.0 = Debug|Any CPU
		{6D75041C-6086-4EEB-8A06-A5CDB5045AB8}.Release|Any CPU.ActiveCfg = Release|Any CPU
		{6D75041C-6086-4EEB-8A06-A5CDB5045AB8}.Release|Any CPU.Build.0 = Release|Any CPU
		{C27C71DA-D02B-45A3-B428-C0E83B78B5CA}.Debug|Any CPU.ActiveCfg = Debug|Any CPU
		{C27C71DA-D02B-45A3-B428-C0E83B78B5CA}.Debug|Any CPU.Build.0 = Debug|Any CPU
		{C27C71DA-D02B-45A3-B428-C0E83B78B5CA}.Release|Any CPU.ActiveCfg = Release|Any CPU
		{C27C71DA-D02B-45A3-B428-C0E83B78B5CA}.Release|Any CPU.Build.0 = Release|Any CPU
	EndGlobalSection
	GlobalSection(SolutionProperties) = preSolution
		HideSolutionNode = FALSE
	EndGlobalSection
	GlobalSection(ExtensibilityGlobals) = postSolution
		SolutionGuid = {443EFBE9-C95C-4D56-9F0B-557154B5C027}
	EndGlobalSection
EndGlobal
